
Microsoft Visual Studio Solution File, Format Version 12.00
Project("{FAE04EC0-301F-11D3-BF4B-00C04F79EFBC}") = "SubtitlesTranslator.Core", "SubtitlesTranslator.Core\SubtitlesTranslator.Core.csproj", "{C6358621-0A41-4D17-9738-E0753A10CF24}"
EndProject
Project("{FAE04EC0-301F-11D3-BF4B-00C04F79EFBC}") = "SubtitlesTranslator", "SubtitlesTranslator\SubtitlesTranslator.csproj", "{0086A129-6B6A-42D2-BC15-89318FC29F0B}"
EndProject
Global
	GlobalSection(SolutionConfigurationPlatforms) = preSolution
		Debug|Any CPU = Debug|Any CPU
		Release|Any CPU = Release|Any CPU
	EndGlobalSection
	GlobalSection(ProjectConfigurationPlatforms) = postSolution
		{C6358621-0A41-4D17-9738-E0753A10CF24}.Debug|Any CPU.ActiveCfg = Debug|Any CPU
		{C6358621-0A41-4D17-9738-E0753A10CF24}.Debug|Any CPU.Build.0 = Debug|Any CPU
		{C6358621-0A41-4D17-9738-E0753A10CF24}.Release|Any CPU.ActiveCfg = Release|Any CPU
		{C6358621-0A41-4D17-9738-E0753A10CF24}.Release|Any CPU.Build.0 = Release|Any CPU
		{0086A129-6B6A-42D2-BC15-89318FC29F0B}.Debug|Any CPU.ActiveCfg = Debug|Any CPU
		{0086A129-6B6A-42D2-BC15-89318FC29F0B}.Debug|Any CPU.Build.0 = Debug|Any CPU
		{0086A129-6B6A-42D2-BC15-89318FC29F0B}.Release|Any CPU.ActiveCfg = Release|Any CPU
		{0086A129-6B6A-42D2-BC15-89318FC29F0B}.Release|Any CPU.Build.0 = Release|Any CPU
	EndGlobalSection
EndGlobal
